
Microsoft Visual Studio Solution File, Format Version 12.00
# Visual Studio Version 16
VisualStudioVersion = 16.0.29318.209
MinimumVisualStudioVersion = 10.0.40219.1
Project("{FAE04EC0-301F-11D3-BF4B-00C04F79EFBC}") = "PIndividual.UI", "PIndividual.UI\PIndividual.UI.csproj", "{87BADC45-913F-48FE-93B9-8BE9EBD84690}"
EndProject
Project("{FAE04EC0-301F-11D3-BF4B-00C04F79EFBC}") = "PIndividual.ConsolaPrueba", "PIndividual.ConsolaPrueba\PIndividual.ConsolaPrueba.csproj", "{FA0300EF-78A0-45CD-A391-9E75AFF9942D}"
EndProject
Project("{FAE04EC0-301F-11D3-BF4B-00C04F79EFBC}") = "PIndividual.BL", "PIndividual.BL\PIndividual.BL.csproj", "{2AF10B26-0BAC-4FA8-8608-9A45BC7515AE}"
EndProject
Project("{FAE04EC0-301F-11D3-BF4B-00C04F79EFBC}") = "PIndividual.DAL", "PIndividual.DAL\PIndividual.DAL.csproj", "{B48D9B11-159B-4BA9-A172-22949CFF8570}"
EndProject
Global
	GlobalSection(SolutionConfigurationPlatforms) = preSolution
		Debug|Any CPU = Debug|Any CPU
		Release|Any CPU = Release|Any CPU
	EndGlobalSection
	GlobalSection(ProjectConfigurationPlatforms) = postSolution
		{87BADC45-913F-48FE-93B9-8BE9EBD84690}.Debug|Any CPU.ActiveCfg = Debug|Any CPU
		{87BADC45-913F-48FE-93B9-8BE9EBD84690}.Debug|Any CPU.Build.0 = Debug|Any CPU
		{87BADC45-913F-48FE-93B9-8BE9EBD84690}.Release|Any CPU.ActiveCfg = Release|Any CPU
		{87BADC45-913F-48FE-93B9-8BE9EBD84690}.Release|Any CPU.Build.0 = Release|Any CPU
		{FA0300EF-78A0-45CD-A391-9E75AFF9942D}.Debug|Any CPU.ActiveCfg = Debug|Any CPU
		{FA0300EF-78A0-45CD-A391-9E75AFF9942D}.Debug|Any CPU.Build.0 = Debug|Any CPU
		{FA0300EF-78A0-45CD-A391-9E75AFF9942D}.Release|Any CPU.ActiveCfg = Release|Any CPU
		{FA0300EF-78A0-45CD-A391-9E75AFF9942D}.Release|Any CPU.Build.0 = Release|Any CPU
		{2AF10B26-0BAC-4FA8-8608-9A45BC7515AE}.Debug|Any CPU.ActiveCfg = Debug|Any CPU
		{2AF10B26-0BAC-4FA8-8608-9A45BC7515AE}.Debug|Any CPU.Build.0 = Debug|Any CPU
		{2AF10B26-0BAC-4FA8-8608-9A45BC7515AE}.Release|Any CPU.ActiveCfg = Release|Any CPU
		{2AF10B26-0BAC-4FA8-8608-9A45BC7515AE}.Release|Any CPU.Build.0 = Release|Any CPU
		{B48D9B11-159B-4BA9-A172-22949CFF8570}.Debug|Any CPU.ActiveCfg = Debug|Any CPU
		{B48D9B11-159B-4BA9-A172-22949CFF8570}.Debug|Any CPU.Build.0 = Debug|Any CPU
		{B48D9B11-159B-4BA9-A172-22949CFF8570}.Release|Any CPU.ActiveCfg = Release|Any CPU
		{B48D9B11-159B-4BA9-A172-22949CFF8570}.Release|Any CPU.Build.0 = Release|Any CPU
	EndGlobalSection
	GlobalSection(SolutionProperties) = preSolution
		HideSolutionNode = FALSE
	EndGlobalSection
	GlobalSection(ExtensibilityGlobals) = postSolution
		SolutionGuid = {7BFF0962-0FB2-4EFD-86A7-465137453F62}
	EndGlobalSection
EndGlobal
